
Microsoft Visual Studio Solution File, Format Version 12.00
# Visual Studio Version 17
VisualStudioVersion = 17.8.34330.188
MinimumVisualStudioVersion = 10.0.40219.1
Project("{FAE04EC0-301F-11D3-BF4B-00C04F79EFBC}") = "Gestor_de_tareas", "Gestor_de_tareas.csproj", "{F86E2899-1169-456B-9FAE-8C6D6DB8E296}"
EndProject
Global
	GlobalSection(SolutionConfigurationPlatforms) = preSolution
		Debug|Any CPU = Debug|Any CPU
		Release|Any CPU = Release|Any CPU
	EndGlobalSection
	GlobalSection(ProjectConfigurationPlatforms) = postSolution
		{F86E2899-1169-456B-9FAE-8C6D6DB8E296}.Debug|Any CPU.ActiveCfg = Debug|Any CPU
		{F86E2899-1169-456B-9FAE-8C6D6DB8E296}.Debug|Any CPU.Build.0 = Debug|Any CPU
		{F86E2899-1169-456B-9FAE-8C6D6DB8E296}.Release|Any CPU.ActiveCfg = Release|Any CPU
		{F86E2899-1169-456B-9FAE-8C6D6DB8E296}.Release|Any CPU.Build.0 = Release|Any CPU
	EndGlobalSection
	GlobalSection(SolutionProperties) = preSolution
		HideSolutionNode = FALSE
	EndGlobalSection
	GlobalSection(ExtensibilityGlobals) = postSolution
		SolutionGuid = {FD927B9A-F6D7-4A59-A1FF-5233130A0F36}
	EndGlobalSection
EndGlobal
